
Microsoft Visual Studio Solution File, Format Version 12.00
# Visual Studio Version 16
VisualStudioVersion = 16.0.32413.511
MinimumVisualStudioVersion = 10.0.40219.1
Project("{9A19103F-16F7-4668-BE54-9A1E7A4F7556}") = "SSH-Tunnel-BOX", "SSH-Tunnel-BOX.csproj", "{F2B725AD-F53F-4779-AA90-FCE07E60616D}"
EndProject
Project("{2150E333-8FDC-42A3-9474-1A3956D46DE8}") = "Solution Items", "Solution Items", "{1FFE13A1-ECA9-4D94-A306-DA8929956B57}"
EndProject
Global
	GlobalSection(SolutionConfigurationPlatforms) = preSolution
		Debug|Any CPU = Debug|Any CPU
		Release|Any CPU = Release|Any CPU
	EndGlobalSection
	GlobalSection(ProjectConfigurationPlatforms) = postSolution
		{F2B725AD-F53F-4779-AA90-FCE07E60616D}.Debug|Any CPU.ActiveCfg = Debug|Any CPU
		{F2B725AD-F53F-4779-AA90-FCE07E60616D}.Debug|Any CPU.Build.0 = Debug|Any CPU
		{F2B725AD-F53F-4779-AA90-FCE07E60616D}.Release|Any CPU.ActiveCfg = Release|Any CPU
		{F2B725AD-F53F-4779-AA90-FCE07E60616D}.Release|Any CPU.Build.0 = Release|Any CPU
	EndGlobalSection
	GlobalSection(SolutionProperties) = preSolution
		HideSolutionNode = FALSE
	EndGlobalSection
	GlobalSection(ExtensibilityGlobals) = postSolution
		SolutionGuid = {D300D337-06F3-483C-A4D2-070B42E2B2B4}
	EndGlobalSection
EndGlobal
