
Microsoft Visual Studio Solution File, Format Version 12.00
# Visual Studio Version 16
VisualStudioVersion = 16.0.32413.511
MinimumVisualStudioVersion = 10.0.40219.1
Project("{FAE04EC0-301F-11D3-BF4B-00C04F79EFBC}") = "TunnellingMaster", "TunnellingMaster\TunnellingMaster.csproj", "{8270B40B-CAA1-40D6-97FA-7D6E39C75AB0}"
EndProject
Global
	GlobalSection(SolutionConfigurationPlatforms) = preSolution
		Debug|Any CPU = Debug|Any CPU
		Release|Any CPU = Release|Any CPU
	EndGlobalSection
	GlobalSection(ProjectConfigurationPlatforms) = postSolution
		{8270B40B-CAA1-40D6-97FA-7D6E39C75AB0}.Debug|Any CPU.ActiveCfg = Debug|Any CPU
		{8270B40B-CAA1-40D6-97FA-7D6E39C75AB0}.Debug|Any CPU.Build.0 = Debug|Any CPU
		{8270B40B-CAA1-40D6-97FA-7D6E39C75AB0}.Release|Any CPU.ActiveCfg = Release|Any CPU
		{8270B40B-CAA1-40D6-97FA-7D6E39C75AB0}.Release|Any CPU.Build.0 = Release|Any CPU
	EndGlobalSection
	GlobalSection(SolutionProperties) = preSolution
		HideSolutionNode = FALSE
	EndGlobalSection
	GlobalSection(ExtensibilityGlobals) = postSolution
		SolutionGuid = {F48F3C27-7346-4C72-AAB3-D1AB909E9CE8}
	EndGlobalSection
EndGlobal
